
Microsoft Visual Studio Solution File, Format Version 12.00
# Visual Studio Version 17
VisualStudioVersion = 17.8.34316.72
MinimumVisualStudioVersion = 10.0.40219.1
Project("{FAE04EC0-301F-11D3-BF4B-00C04F79EFBC}") = "Tienda.Infrastracture", "Tienda.Infrastracture\Tienda.Infrastracture.csproj", "{2E1B99DE-061D-45B3-BB7D-99FF0A3202F8}"
EndProject
Project("{FAE04EC0-301F-11D3-BF4B-00C04F79EFBC}") = "Tienda.Core", "Tienda.Core\Tienda.Core.csproj", "{6EBA34DB-451B-44A7-8877-92D6840ABE6C}"
EndProject
Project("{FAE04EC0-301F-11D3-BF4B-00C04F79EFBC}") = "Tienda.Web", "Tienda.Web\Tienda.Web.csproj", "{AED81F47-7B3D-4214-9CA9-116B37F283B6}"
EndProject
Global
	GlobalSection(SolutionConfigurationPlatforms) = preSolution
		Debug|Any CPU = Debug|Any CPU
		Release|Any CPU = Release|Any CPU
	EndGlobalSection
	GlobalSection(ProjectConfigurationPlatforms) = postSolution
		{2E1B99DE-061D-45B3-BB7D-99FF0A3202F8}.Debug|Any CPU.ActiveCfg = Debug|Any CPU
		{2E1B99DE-061D-45B3-BB7D-99FF0A3202F8}.Debug|Any CPU.Build.0 = Debug|Any CPU
		{2E1B99DE-061D-45B3-BB7D-99FF0A3202F8}.Release|Any CPU.ActiveCfg = Release|Any CPU
		{2E1B99DE-061D-45B3-BB7D-99FF0A3202F8}.Release|Any CPU.Build.0 = Release|Any CPU
		{6EBA34DB-451B-44A7-8877-92D6840ABE6C}.Debug|Any CPU.ActiveCfg = Debug|Any CPU
		{6EBA34DB-451B-44A7-8877-92D6840ABE6C}.Debug|Any CPU.Build.0 = Debug|Any CPU
		{6EBA34DB-451B-44A7-8877-92D6840ABE6C}.Release|Any CPU.ActiveCfg = Release|Any CPU
		{6EBA34DB-451B-44A7-8877-92D6840ABE6C}.Release|Any CPU.Build.0 = Release|Any CPU
		{AED81F47-7B3D-4214-9CA9-116B37F283B6}.Debug|Any CPU.ActiveCfg = Debug|Any CPU
		{AED81F47-7B3D-4214-9CA9-116B37F283B6}.Debug|Any CPU.Build.0 = Debug|Any CPU
		{AED81F47-7B3D-4214-9CA9-116B37F283B6}.Release|Any CPU.ActiveCfg = Release|Any CPU
		{AED81F47-7B3D-4214-9CA9-116B37F283B6}.Release|Any CPU.Build.0 = Release|Any CPU
	EndGlobalSection
	GlobalSection(SolutionProperties) = preSolution
		HideSolutionNode = FALSE
	EndGlobalSection
	GlobalSection(ExtensibilityGlobals) = postSolution
		SolutionGuid = {2609F4CD-7CC9-47FE-93CE-48E9BB3E45A9}
	EndGlobalSection
EndGlobal
